
Microsoft Visual Studio Solution File, Format Version 12.00
# Visual Studio Version 17
VisualStudioVersion = 17.9.34723.18
MinimumVisualStudioVersion = 10.0.40219.1
Project("{9A19103F-16F7-4668-BE54-9A1E7A4F7556}") = "Simulator", "Simulator\Simulator.csproj", "{DB483B20-6ACD-4AE5-BE07-343213A0716B}"
EndProject
Project("{9A19103F-16F7-4668-BE54-9A1E7A4F7556}") = "Runner", "Runner\Runner.csproj", "{BE37B38A-4A72-468D-B054-289FCE32FB19}"
EndProject
Project("{9A19103F-16F7-4668-BE54-9A1E7A4F7556}") = "TestSimulator", "TestSimulator\TestSimulator.csproj", "{D57CA377-4C58-4DD3-B917-D5BE29303A78}"
EndProject
Project("{9A19103F-16F7-4668-BE54-9A1E7A4F7556}") = "SimConsole", "SimConsole\SimConsole.csproj", "{EA61EDB5-A2AC-4FE4-81CA-FD59B5B7AA04}"
EndProject
Project("{9A19103F-16F7-4668-BE54-9A1E7A4F7556}") = "SimWeb", "WebApplication1\WebApplication1\SimWeb.csproj", "{814420B5-CE03-42D0-8F16-4A31529E1CE6}"
EndProject
Global
	GlobalSection(SolutionConfigurationPlatforms) = preSolution
		Debug|Any CPU = Debug|Any CPU
		Release|Any CPU = Release|Any CPU
	EndGlobalSection
	GlobalSection(ProjectConfigurationPlatforms) = postSolution
		{DB483B20-6ACD-4AE5-BE07-343213A0716B}.Debug|Any CPU.ActiveCfg = Debug|Any CPU
		{DB483B20-6ACD-4AE5-BE07-343213A0716B}.Debug|Any CPU.Build.0 = Debug|Any CPU
		{DB483B20-6ACD-4AE5-BE07-343213A0716B}.Release|Any CPU.ActiveCfg = Release|Any CPU
		{DB483B20-6ACD-4AE5-BE07-343213A0716B}.Release|Any CPU.Build.0 = Release|Any CPU
		{BE37B38A-4A72-468D-B054-289FCE32FB19}.Debug|Any CPU.ActiveCfg = Debug|Any CPU
		{BE37B38A-4A72-468D-B054-289FCE32FB19}.Debug|Any CPU.Build.0 = Debug|Any CPU
		{BE37B38A-4A72-468D-B054-289FCE32FB19}.Release|Any CPU.ActiveCfg = Release|Any CPU
		{BE37B38A-4A72-468D-B054-289FCE32FB19}.Release|Any CPU.Build.0 = Release|Any CPU
		{D57CA377-4C58-4DD3-B917-D5BE29303A78}.Debug|Any CPU.ActiveCfg = Debug|Any CPU
		{D57CA377-4C58-4DD3-B917-D5BE29303A78}.Debug|Any CPU.Build.0 = Debug|Any CPU
		{D57CA377-4C58-4DD3-B917-D5BE29303A78}.Release|Any CPU.ActiveCfg = Release|Any CPU
		{D57CA377-4C58-4DD3-B917-D5BE29303A78}.Release|Any CPU.Build.0 = Release|Any CPU
		{EA61EDB5-A2AC-4FE4-81CA-FD59B5B7AA04}.Debug|Any CPU.ActiveCfg = Debug|Any CPU
		{EA61EDB5-A2AC-4FE4-81CA-FD59B5B7AA04}.Debug|Any CPU.Build.0 = Debug|Any CPU
		{EA61EDB5-A2AC-4FE4-81CA-FD59B5B7AA04}.Release|Any CPU.ActiveCfg = Release|Any CPU
		{EA61EDB5-A2AC-4FE4-81CA-FD59B5B7AA04}.Release|Any CPU.Build.0 = Release|Any CPU
		{814420B5-CE03-42D0-8F16-4A31529E1CE6}.Debug|Any CPU.ActiveCfg = Debug|Any CPU
		{814420B5-CE03-42D0-8F16-4A31529E1CE6}.Debug|Any CPU.Build.0 = Debug|Any CPU
		{814420B5-CE03-42D0-8F16-4A31529E1CE6}.Release|Any CPU.ActiveCfg = Release|Any CPU
		{814420B5-CE03-42D0-8F16-4A31529E1CE6}.Release|Any CPU.Build.0 = Release|Any CPU
	EndGlobalSection
	GlobalSection(SolutionProperties) = preSolution
		HideSolutionNode = FALSE
	EndGlobalSection
	GlobalSection(ExtensibilityGlobals) = postSolution
		SolutionGuid = {5233DE8C-5DF6-4239-A87A-10BDE23E8A8C}
	EndGlobalSection
EndGlobal
